# Generated by pub
# See https://dart.dev/tools/pub/glossary#lockfile
packages:
  async:
    dependency: "direct main"
    description:
      name: async
      url: "https://pub.dartlang.org"
    source: hosted
    version: "2.5.0-nullsafety.3"
  boolean_selector:
    dependency: transitive
    description:
      name: boolean_selector
      url: "https://pub.dartlang.org"
    source: hosted
    version: "2.1.0-nullsafety.3"
  characters:
    dependency: transitive
    description:
      name: characters
      url: "https://pub.dartlang.org"
    source: hosted
    version: "1.1.0-nullsafety.5"
  charcode:
    dependency: transitive
    description:
      name: charcode
      url: "https://pub.dartlang.org"
    source: hosted
    version: "1.2.0-nullsafety.3"
  clock:
    dependency: transitive
    description:
      name: clock
      url: "https://pub.dartlang.org"
    source: hosted
    version: "1.1.0-nullsafety.3"
  collection:
    dependency: transitive
    description:
      name: collection
      url: "https://pub.dartlang.org"
    source: hosted
    version: "1.15.0-nullsafety.5"
  dartz:
    dependency: "direct main"
    description:
      name: dartz
      url: "https://pub.dartlang.org"
    source: hosted
    version: "0.10.0-nullsafety.0"
  fake_async:
    dependency: transitive
    description:
      name: fake_async
      url: "https://pub.dartlang.org"
    source: hosted
    version: "1.2.0-nullsafety.3"
  flutter:
    dependency: "direct main"
    description: flutter
    source: sdk
    version: "0.0.0"
  flutter_mobx:
    dependency: "direct main"
    description:
      name: flutter_mobx
      url: "https://pub.dartlang.org"
    source: hosted
    version: "2.0.0-nullsafety.0"
  flutter_modular:
    dependency: "direct main"
    description:
      name: flutter_modular
      url: "https://pub.dartlang.org"
    source: hosted
    version: "3.0.0-nullsafety.24"
  flutter_modular_annotations:
    dependency: transitive
    description:
      name: flutter_modular_annotations
      url: "https://pub.dartlang.org"
    source: hosted
    version: "0.0.2"
  flutter_modular_test:
    dependency: "direct main"
    description:
      name: flutter_modular_test
      url: "https://pub.dartlang.org"
    source: hosted
    version: "1.0.0-nullsafety.1"
  flutter_test:
    dependency: "direct dev"
    description: flutter
    source: sdk
    version: "0.0.0"
  flutter_triple:
    dependency: "direct main"
    description:
      name: flutter_triple
      url: "https://pub.dartlang.org"
    source: hosted
    version: "0.0.24"
  http:
    dependency: "direct main"
    description:
      path: "."
      ref: HEAD
      resolved-ref: d473635f0dbb72936664696162127c2209986356
      url: "https://github.com/dart-lang/http"
    source: git
    version: "0.13.0-nullsafety.0"
  http_parser:
    dependency: transitive
    description:
      name: http_parser
      url: "https://pub.dartlang.org"
    source: hosted
    version: "4.0.0-nullsafety"
  matcher:
    dependency: transitive
    description:
      name: matcher
      url: "https://pub.dartlang.org"
    source: hosted
    version: "0.12.10-nullsafety.3"
  meta:
    dependency: transitive
    description:
      name: meta
      url: "https://pub.dartlang.org"
    source: hosted
    version: "1.3.0-nullsafety.6"
  mobx:
    dependency: "direct main"
    description:
      name: mobx
      url: "https://pub.dartlang.org"
    source: hosted
    version: "2.0.0-nullsafety.2"
  mobx_triple:
    dependency: "direct main"
    description:
      name: mobx_triple
      url: "https://pub.dartlang.org"
    source: hosted
    version: "0.0.18"
  mocktail:
    dependency: "direct dev"
    description:
      name: mocktail
      url: "https://pub.dartlang.org"
    source: hosted
    version: "0.0.1-dev.3"
  path:
    dependency: transitive
    description:
      name: path
      url: "https://pub.dartlang.org"
    source: hosted
    version: "1.8.0-nullsafety.3"
  pedantic:
    dependency: transitive
    description:
      name: pedantic
      url: "https://pub.dartlang.org"
    source: hosted
    version: "1.10.0-nullsafety.3"
  rx_notifier:
    dependency: transitive
    description:
      name: rx_notifier
      url: "https://pub.dartlang.org"
    source: hosted
    version: "1.0.0-nullsafety.2"
  rxdart:
    dependency: "direct main"
    description:
      name: rxdart
      url: "https://pub.dartlang.org"
    source: hosted
    version: "0.26.0-nullsafety.0"
  sky_engine:
    dependency: transitive
    description: flutter
    source: sdk
    version: "0.0.99"
  source_span:
    dependency: transitive
    description:
      name: source_span
      url: "https://pub.dartlang.org"
    source: hosted
    version: "1.8.0-nullsafety.4"
  stack_trace:
    dependency: transitive
    description:
      name: stack_trace
      url: "https://pub.dartlang.org"
    source: hosted
    version: "1.10.0-nullsafety.6"
  stream_channel:
    dependency: transitive
    description:
      name: stream_channel
      url: "https://pub.dartlang.org"
    source: hosted
    version: "2.1.0-nullsafety.3"
  string_scanner:
    dependency: transitive
    description:
      name: string_scanner
      url: "https://pub.dartlang.org"
    source: hosted
    version: "1.1.0-nullsafety.3"
  term_glyph:
    dependency: transitive
    description:
      name: term_glyph
      url: "https://pub.dartlang.org"
    source: hosted
    version: "1.2.0-nullsafety.3"
  test_api:
    dependency: transitive
    description:
      name: test_api
      url: "https://pub.dartlang.org"
    source: hosted
    version: "0.2.19-nullsafety.6"
  triple:
    dependency: "direct main"
    description:
      name: triple
      url: "https://pub.dartlang.org"
    source: hosted
    version: "0.0.24"
  typed_data:
    dependency: transitive
    description:
      name: typed_data
      url: "https://pub.dartlang.org"
    source: hosted
    version: "1.3.0-nullsafety.5"
  vector_math:
    dependency: transitive
    description:
      name: vector_math
      url: "https://pub.dartlang.org"
    source: hosted
    version: "2.1.0-nullsafety.5"
sdks:
  dart: ">=2.12.0-0.0 <3.0.0"
